// !$*UTF8*$!
{
	archiveVersion = 1;
	classes = {
	};
	objectVersion = 77;
	objects = {

/* Begin PBXContainerItemProxy section */
		B198A6B12D06E46C00364D3B /* PBXContainerItemProxy */ = {
			isa = PBXContainerItemProxy;
			containerPortal = B198A6982D06E46A00364D3B /* Project object */;
			proxyType = 1;
			remoteGlobalIDString = B198A69F2D06E46A00364D3B;
			remoteInfo = TestList;
		};
		B198A6BB2D06E46C00364D3B /* PBXContainerItemProxy */ = {
			isa = PBXContainerItemProxy;
			containerPortal = B198A6982D06E46A00364D3B /* Project object */;
			proxyType = 1;
			remoteGlobalIDString = B198A69F2D06E46A00364D3B;
			remoteInfo = TestList;
		};
/* End PBXContainerItemProxy section */

/* Begin PBXFileReference section */
		B198A6A02D06E46A00364D3B /* TestList.app */ = {isa = PBXFileReference; explicitFileType = wrapper.application; includeInIndex = 0; path = TestList.app; sourceTree = BUILT_PRODUCTS_DIR; };
		B198A6B02D06E46C00364D3B /* TestListTests.xctest */ = {isa = PBXFileReference; explicitFileType = wrapper.cfbundle; includeInIndex = 0; path = TestListTests.xctest; sourceTree = BUILT_PRODUCTS_DIR; };
		B198A6BA2D06E46C00364D3B /* TestListUITests.xctest */ = {isa = PBXFileReference; explicitFileType = wrapper.cfbundle; includeInIndex = 0; path = TestListUITests.xctest; sourceTree = BUILT_PRODUCTS_DIR; };
/* End PBXFileReference section */

/* Begin PBXFileSystemSynchronizedBuildFileExceptionSet section */
		B198A6E32D06F5EC00364D3B /* Exceptions for "TestList" folder in "TestList" target */ = {
			isa = PBXFileSystemSynchronizedBuildFileExceptionSet;
			membershipExceptions = (
				Info.plist,
			);
			target = B198A69F2D06E46A00364D3B /* TestList */;
		};
/* End PBXFileSystemSynchronizedBuildFileExceptionSet section */

/* Begin PBXFileSystemSynchronizedRootGroup section */
		B198A6A22D06E46A00364D3B /* TestList */ = {
			isa = PBXFileSystemSynchronizedRootGroup;
			exceptions = (
				B198A6E32D06F5EC00364D3B /* Exceptions for "TestList" folder in "TestList" target */,
			);
			path = TestList;
			sourceTree = "<group>";
		};
		B198A6B32D06E46C00364D3B /* TestListTests */ = {
			isa = PBXFileSystemSynchronizedRootGroup;
			path = TestListTests;
			sourceTree = "<group>";
		};
		B198A6BD2D06E46C00364D3B /* TestListUITests */ = {
			isa = PBXFileSystemSynchronizedRootGroup;
			path = TestListUITests;
			sourceTree = "<group>";
		};
/* End PBXFileSystemSynchronizedRootGroup section */

/* Begin PBXFrameworksBuildPhase section */
		B198A69D2D06E46A00364D3B /* Frameworks */ = {
			isa = PBXFrameworksBuildPhase;
			buildActionMask = 2147483647;
			files = (
			);
			runOnlyForDeploymentPostprocessing = 0;
		};
		B198A6AD2D06E46C00364D3B /* Frameworks */ = {
			isa = PBXFrameworksBuildPhase;
			buildActionMask = 2147483647;
			files = (
			);
			runOnlyForDeploymentPostprocessing = 0;
		};
		B198A6B72D06E46C00364D3B /* Frameworks */ = {
			isa = PBXFrameworksBuildPhase;
			buildActionMask = 2147483647;
			files = (
			);
			runOnlyForDeploymentPostprocessing = 0;
		};
/* End PBXFrameworksBuildPhase section */

/* Begin PBXGroup section */
		B198A6972D06E46A00364D3B = {
			isa = PBXGroup;
			children = (
				B198A6A22D06E46A00364D3B /* TestList */,
				B198A6B32D06E46C00364D3B /* TestListTests */,
				B198A6BD2D06E46C00364D3B /* TestListUITests */,
				B198A6A12D06E46A00364D3B /* Products */,
			);
			sourceTree = "<group>";
		};
		B198A6A12D06E46A00364D3B /* Products */ = {
			isa = PBXGroup;
			children = (
				B198A6A02D06E46A00364D3B /* TestList.app */,
				B198A6B02D06E46C00364D3B /* TestListTests.xctest */,
				B198A6BA2D06E46C00364D3B /* TestListUITests.xctest */,
			);
			name = Products;
			sourceTree = "<group>";
		};
/* End PBXGroup section */

/* Begin PBXNativeTarget section */
		B198A69F2D06E46A00364D3B /* TestList */ = {
			isa = PBXNativeTarget;
			buildConfigurationList = B198A6C42D06E46C00364D3B /* Build configuration list for PBXNativeTarget "TestList" */;
			buildPhases = (
				B198A69C2D06E46A00364D3B /* Sources */,
				B198A69D2D06E46A00364D3B /* Frameworks */,
				B198A69E2D06E46A00364D3B /* Resources */,
			);
			buildRules = (
			);
			dependencies = (
			);
			fileSystemSynchronizedGroups = (
				B198A6A22D06E46A00364D3B /* TestList */,
			);
			name = TestList;
			packageProductDependencies = (
			);
			productName = TestList;
			productReference = B198A6A02D06E46A00364D3B /* TestList.app */;
			productType = "com.apple.product-type.application";
		};
		B198A6AF2D06E46C00364D3B /* TestListTests */ = {
			isa = PBXNativeTarget;
			buildConfigurationList = B198A6C72D06E46C00364D3B /* Build configuration list for PBXNativeTarget "TestListTests" */;
			buildPhases = (
				B198A6AC2D06E46C00364D3B /* Sources */,
				B198A6AD2D06E46C00364D3B /* Frameworks */,
				B198A6AE2D06E46C00364D3B /* Resources */,
			);
			buildRules = (
			);
			dependencies = (
				B198A6B22D06E46C00364D3B /* PBXTargetDependency */,
			);
			fileSystemSynchronizedGroups = (
				B198A6B32D06E46C00364D3B /* TestListTests */,
			);
			name = TestListTests;
			packageProductDependencies = (
			);
			productName = TestListTests;
			productReference = B198A6B02D06E46C00364D3B /* TestListTests.xctest */;
			productType = "com.apple.product-type.bundle.unit-test";
		};
		B198A6B92D06E46C00364D3B /* TestListUITests */ = {
			isa = PBXNativeTarget;
			buildConfigurationList = B198A6CA2D06E46C00364D3B /* Build configuration list for PBXNativeTarget "TestListUITests" */;
			buildPhases = (
				B198A6B62D06E46C00364D3B /* Sources */,
				B198A6B72D06E46C00364D3B /* Frameworks */,
				B198A6B82D06E46C00364D3B /* Resources */,
			);
			buildRules = (
			);
			dependencies = (
				B198A6BC2D06E46C00364D3B /* PBXTargetDependency */,
			);
			fileSystemSynchronizedGroups = (
				B198A6BD2D06E46C00364D3B /* TestListUITests */,
			);
			name = TestListUITests;
			packageProductDependencies = (
			);
			productName = TestListUITests;
			productReference = B198A6BA2D06E46C00364D3B /* TestListUITests.xctest */;
			productType = "com.apple.product-type.bundle.ui-testing";
		};
/* End PBXNativeTarget section */

/* Begin PBXProject section */
		B198A6982D06E46A00364D3B /* Project object */ = {
			isa = PBXProject;
			attributes = {
				BuildIndependentTargetsInParallel = 1;
				LastSwiftUpdateCheck = 1610;
				LastUpgradeCheck = 1610;
				TargetAttributes = {
					B198A69F2D06E46A00364D3B = {
						CreatedOnToolsVersion = 16.1;
					};
					B198A6AF2D06E46C00364D3B = {
						CreatedOnToolsVersion = 16.1;
						TestTargetID = B198A69F2D06E46A00364D3B;
					};
					B198A6B92D06E46C00364D3B = {
						CreatedOnToolsVersion = 16.1;
						TestTargetID = B198A69F2D06E46A00364D3B;
					};
				};
			};
			buildConfigurationList = B198A69B2D06E46A00364D3B /* Build configuration list for PBXProject "TestList" */;
			developmentRegion = en;
			hasScannedForEncodings = 0;
			knownRegions = (
				en,
				Base,
			);
			mainGroup = B198A6972D06E46A00364D3B;
			minimizedProjectReferenceProxies = 1;
			preferredProjectObjectVersion = 77;
			productRefGroup = B198A6A12D06E46A00364D3B /* Products */;
			projectDirPath = "";
			projectRoot = "";
			targets = (
				B198A69F2D06E46A00364D3B /* TestList */,
				B198A6AF2D06E46C00364D3B /* TestListTests */,
				B198A6B92D06E46C00364D3B /* TestListUITests */,
			);
		};
/* End PBXProject section */

/* Begin PBXResourcesBuildPhase section */
		B198A69E2D06E46A00364D3B /* Resources */ = {
			isa = PBXResourcesBuildPhase;
			buildActionMask = 2147483647;
			files = (
			);
			runOnlyForDeploymentPostprocessing = 0;
		};
		B198A6AE2D06E46C00364D3B /* Resources */ = {
			isa = PBXResourcesBuildPhase;
			buildActionMask = 2147483647;
			files = (
			);
			runOnlyForDeploymentPostprocessing = 0;
		};
		B198A6B82D06E46C00364D3B /* Resources */ = {
			isa = PBXResourcesBuildPhase;
			buildActionMask = 2147483647;
			files = (
			);
			runOnlyForDeploymentPostprocessing = 0;
		};
/* End PBXResourcesBuildPhase section */

/* Begin PBXSourcesBuildPhase section */
		B198A69C2D06E46A00364D3B /* Sources */ = {
			isa = PBXSourcesBuildPhase;
			buildActionMask = 2147483647;
			files = (
			);
			runOnlyForDeploymentPostprocessing = 0;
		};
		B198A6AC2D06E46C00364D3B /* Sources */ = {
			isa = PBXSourcesBuildPhase;
			buildActionMask = 2147483647;
			files = (
			);
			runOnlyForDeploymentPostprocessing = 0;
		};
		B198A6B62D06E46C00364D3B /* Sources */ = {
			isa = PBXSourcesBuildPhase;
			buildActionMask = 2147483647;
			files = (
			);
			runOnlyForDeploymentPostprocessing = 0;
		};
/* End PBXSourcesBuildPhase section */

/* Begin PBXTargetDependency section */
		B198A6B22D06E46C00364D3B /* PBXTargetDependency */ = {
			isa = PBXTargetDependency;
			target = B198A69F2D06E46A00364D3B /* TestList */;
			targetProxy = B198A6B12D06E46C00364D3B /* PBXContainerItemProxy */;
		};
		B198A6BC2D06E46C00364D3B /* PBXTargetDependency */ = {
			isa = PBXTargetDependency;
			target = B198A69F2D06E46A00364D3B /* TestList */;
			targetProxy = B198A6BB2D06E46C00364D3B /* PBXContainerItemProxy */;
		};
/* End PBXTargetDependency section */

/* Begin XCBuildConfiguration section */
		B198A6C22D06E46C00364D3B /* Debug */ = {
			isa = XCBuildConfiguration;
			buildSettings = {
				ALWAYS_SEARCH_USER_PATHS = NO;
				ASSETCATALOG_COMPILER_GENERATE_SWIFT_ASSET_SYMBOL_EXTENSIONS = YES;
				CLANG_ANALYZER_NONNULL = YES;
				CLANG_ANALYZER_NUMBER_OBJECT_CONVERSION = YES_AGGRESSIVE;
				CLANG_CXX_LANGUAGE_STANDARD = "gnu++20";
				CLANG_ENABLE_MODULES = YES;
				CLANG_ENABLE_OBJC_ARC = YES;
				CLANG_ENABLE_OBJC_WEAK = YES;
				CLANG_WARN_BLOCK_CAPTURE_AUTORELEASING = YES;
				CLANG_WARN_BOOL_CONVERSION = YES;
				CLANG_WARN_COMMA = YES;
				CLANG_WARN_CONSTANT_CONVERSION = YES;
				CLANG_WARN_DEPRECATED_OBJC_IMPLEMENTATIONS = YES;
				CLANG_WARN_DIRECT_OBJC_ISA_USAGE = YES_ERROR;
				CLANG_WARN_DOCUMENTATION_COMMENTS = YES;
				CLANG_WARN_EMPTY_BODY = YES;
				CLANG_WARN_ENUM_CONVERSION = YES;
				CLANG_WARN_INFINITE_RECURSION = YES;
				CLANG_WARN_INT_CONVERSION = YES;
				CLANG_WARN_NON_LITERAL_NULL_CONVERSION = YES;
				CLANG_WARN_OBJC_IMPLICIT_RETAIN_SELF = YES;
				CLANG_WARN_OBJC_LITERAL_CONVERSION = YES;
				CLANG_WARN_OBJC_ROOT_CLASS = YES_ERROR;
				CLANG_WARN_QUOTED_INCLUDE_IN_FRAMEWORK_HEADER = YES;
				CLANG_WARN_RANGE_LOOP_ANALYSIS = YES;
				CLANG_WARN_STRICT_PROTOTYPES = YES;
				CLANG_WARN_SUSPICIOUS_MOVE = YES;
				CLANG_WARN_UNGUARDED_AVAILABILITY = YES_AGGRESSIVE;
				CLANG_WARN_UNREACHABLE_CODE = YES;
				CLANG_WARN__DUPLICATE_METHOD_MATCH = YES;
				COPY_PHASE_STRIP = NO;
				DEBUG_INFORMATION_FORMAT = dwarf;
				ENABLE_STRICT_OBJC_MSGSEND = YES;
				ENABLE_TESTABILITY = YES;
				ENABLE_USER_SCRIPT_SANDBOXING = YES;
				GCC_C_LANGUAGE_STANDARD = gnu17;
				GCC_DYNAMIC_NO_PIC = NO;
				GCC_NO_COMMON_BLOCKS = YES;
				GCC_OPTIMIZATION_LEVEL = 0;
				GCC_PREPROCESSOR_DEFINITIONS = (
					"DEBUG=1",
					"$(inherited)",
				);
				GCC_WARN_64_TO_32_BIT_CONVERSION = YES;
				GCC_WARN_ABOUT_RETURN_TYPE = YES_ERROR;
				GCC_WARN_UNDECLARED_SELECTOR = YES;
				GCC_WARN_UNINITIALIZED_AUTOS = YES_AGGRESSIVE;
				GCC_WARN_UNUSED_FUNCTION = YES;
				GCC_WARN_UNUSED_VARIABLE = YES;
				IPHONEOS_DEPLOYMENT_TARGET = 18.1;
				LOCALIZATION_PREFERS_STRING_CATALOGS = YES;
				MTL_ENABLE_DEBUG_INFO = INCLUDE_SOURCE;
				MTL_FAST_MATH = YES;
				ONLY_ACTIVE_ARCH = YES;
				SDKROOT = iphoneos;
				SWIFT_ACTIVE_COMPILATION_CONDITIONS = "DEBUG $(inherited)";
				SWIFT_OPTIMIZATION_LEVEL = "-Onone";
			};
			name = Debug;
		};
		B198A6C32D06E46C00364D3B /* Release */ = {
			isa = XCBuildConfiguration;
			buildSettings = {
				ALWAYS_SEARCH_USER_PATHS = NO;
				ASSETCATALOG_COMPILER_GENERATE_SWIFT_ASSET_SYMBOL_EXTENSIONS = YES;
				CLANG_ANALYZER_NONNULL = YES;
				CLANG_ANALYZER_NUMBER_OBJECT_CONVERSION = YES_AGGRESSIVE;
				CLANG_CXX_LANGUAGE_STANDARD = "gnu++20";
				CLANG_ENABLE_MODULES = YES;
				CLANG_ENABLE_OBJC_ARC = YES;
				CLANG_ENABLE_OBJC_WEAK = YES;
				CLANG_WARN_BLOCK_CAPTURE_AUTORELEASING = YES;
				CLANG_WARN_BOOL_CONVERSION = YES;
				CLANG_WARN_COMMA = YES;
				CLANG_WARN_CONSTANT_CONVERSION = YES;
				CLANG_WARN_DEPRECATED_OBJC_IMPLEMENTATIONS = YES;
				CLANG_WARN_DIRECT_OBJC_ISA_USAGE = YES_ERROR;
				CLANG_WARN_DOCUMENTATION_COMMENTS = YES;
				CLANG_WARN_EMPTY_BODY = YES;
				CLANG_WARN_ENUM_CONVERSION = YES;
				CLANG_WARN_INFINITE_RECURSION = YES;
				CLANG_WARN_INT_CONVERSION = YES;
				CLANG_WARN_NON_LITERAL_NULL_CONVERSION = YES;
				CLANG_WARN_OBJC_IMPLICIT_RETAIN_SELF = YES;
				CLANG_WARN_OBJC_LITERAL_CONVERSION = YES;
				CLANG_WARN_OBJC_ROOT_CLASS = YES_ERROR;
				CLANG_WARN_QUOTED_INCLUDE_IN_FRAMEWORK_HEADER = YES;
				CLANG_WARN_RANGE_LOOP_ANALYSIS = YES;
				CLANG_WARN_STRICT_PROTOTYPES = YES;
				CLANG_WARN_SUSPICIOUS_MOVE = YES;
				CLANG_WARN_UNGUARDED_AVAILABILITY = YES_AGGRESSIVE;
				CLANG_WARN_UNREACHABLE_CODE = YES;
				CLANG_WARN__DUPLICATE_METHOD_MATCH = YES;
				COPY_PHASE_STRIP = NO;
				DEBUG_INFORMATION_FORMAT = "dwarf-with-dsym";
				ENABLE_NS_ASSERTIONS = NO;
				ENABLE_STRICT_OBJC_MSGSEND = YES;
				ENABLE_USER_SCRIPT_SANDBOXING = YES;
				GCC_C_LANGUAGE_STANDARD = gnu17;
				GCC_NO_COMMON_BLOCKS = YES;
				GCC_WARN_64_TO_32_BIT_CONVERSION = YES;
				GCC_WARN_ABOUT_RETURN_TYPE = YES_ERROR;
				GCC_WARN_UNDECLARED_SELECTOR = YES;
				GCC_WARN_UNINITIALIZED_AUTOS = YES_AGGRESSIVE;
				GCC_WARN_UNUSED_FUNCTION = YES;
				GCC_WARN_UNUSED_VARIABLE = YES;
				IPHONEOS_DEPLOYMENT_TARGET = 18.1;
				LOCALIZATION_PREFERS_STRING_CATALOGS = YES;
				MTL_ENABLE_DEBUG_INFO = NO;
				MTL_FAST_MATH = YES;
				SDKROOT = iphoneos;
				SWIFT_COMPILATION_MODE = wholemodule;
				VALIDATE_PRODUCT = YES;
			};
			name = Release;
		};
		B198A6C52D06E46C00364D3B /* Debug */ = {
			isa = XCBuildConfiguration;
			buildSettings = {
				ASSETCATALOG_COMPILER_APPICON_NAME = AppIcon;
				ASSETCATALOG_COMPILER_GLOBAL_ACCENT_COLOR_NAME = AccentColor;
				CODE_SIGN_STYLE = Automatic;
				CURRENT_PROJECT_VERSION = 1;
				DEVELOPMENT_ASSET_PATHS = "\"TestList/Preview Content\"";
				DEVELOPMENT_TEAM = 4JK9SH8RG9;
				ENABLE_PREVIEWS = YES;
				GENERATE_INFOPLIST_FILE = YES;
				INFOPLIST_FILE = TestList/Info.plist;
				INFOPLIST_KEY_UIApplicationSceneManifest_Generation = YES;
				INFOPLIST_KEY_UIApplicationSupportsIndirectInputEvents = YES;
				INFOPLIST_KEY_UILaunchScreen_Generation = YES;
				INFOPLIST_KEY_UISupportedInterfaceOrientations_iPad = "UIInterfaceOrientationPortrait UIInterfaceOrientationPortraitUpsideDown UIInterfaceOrientationLandscapeLeft UIInterfaceOrientationLandscapeRight";
				INFOPLIST_KEY_UISupportedInterfaceOrientations_iPhone = "UIInterfaceOrientationPortrait UIInterfaceOrientationLandscapeLeft UIInterfaceOrientationLandscapeRight";
				LD_RUNPATH_SEARCH_PATHS = (
					"$(inherited)",
					"@executable_path/Frameworks",
				);
				MARKETING_VERSION = 1.0;
				PRODUCT_BUNDLE_IDENTIFIER = com.jay.TestList;
				PRODUCT_NAME = "$(TARGET_NAME)";
				SWIFT_EMIT_LOC_STRINGS = YES;
				SWIFT_VERSION = 5.0;
				TARGETED_DEVICE_FAMILY = "1,2";
			};
			name = Debug;
		};
		B198A6C62D06E46C00364D3B /* Release */ = {
			isa = XCBuildConfiguration;
			buildSettings = {
				ASSETCATALOG_COMPILER_APPICON_NAME = AppIcon;
				ASSETCATALOG_COMPILER_GLOBAL_ACCENT_COLOR_NAME = AccentColor;
				CODE_SIGN_STYLE = Automatic;
				CURRENT_PROJECT_VERSION = 1;
				DEVELOPMENT_ASSET_PATHS = "\"TestList/Preview Content\"";
				DEVELOPMENT_TEAM = 4JK9SH8RG9;
				ENABLE_PREVIEWS = YES;
				GENERATE_INFOPLIST_FILE = YES;
				INFOPLIST_FILE = TestList/Info.plist;
				INFOPLIST_KEY_UIApplicationSceneManifest_Generation = YES;
				INFOPLIST_KEY_UIApplicationSupportsIndirectInputEvents = YES;
				INFOPLIST_KEY_UILaunchScreen_Generation = YES;
				INFOPLIST_KEY_UISupportedInterfaceOrientations_iPad = "UIInterfaceOrientationPortrait UIInterfaceOrientationPortraitUpsideDown UIInterfaceOrientationLandscapeLeft UIInterfaceOrientationLandscapeRight";
				INFOPLIST_KEY_UISupportedInterfaceOrientations_iPhone = "UIInterfaceOrientationPortrait UIInterfaceOrientationLandscapeLeft UIInterfaceOrientationLandscapeRight";
				LD_RUNPATH_SEARCH_PATHS = (
					"$(inherited)",
					"@executable_path/Frameworks",
				);
				MARKETING_VERSION = 1.0;
				PRODUCT_BUNDLE_IDENTIFIER = com.jay.TestList;
				PRODUCT_NAME = "$(TARGET_NAME)";
				SWIFT_EMIT_LOC_STRINGS = YES;
				SWIFT_VERSION = 5.0;
				TARGETED_DEVICE_FAMILY = "1,2";
			};
			name = Release;
		};
		B198A6C82D06E46C00364D3B /* Debug */ = {
			isa = XCBuildConfiguration;
			buildSettings = {
				BUNDLE_LOADER = "$(TEST_HOST)";
				CODE_SIGN_STYLE = Automatic;
				CURRENT_PROJECT_VERSION = 1;
				DEVELOPMENT_TEAM = 4JK9SH8RG9;
				GENERATE_INFOPLIST_FILE = YES;
				IPHONEOS_DEPLOYMENT_TARGET = 18.1;
				MARKETING_VERSION = 1.0;
				PRODUCT_BUNDLE_IDENTIFIER = com.jay.TestListTests;
				PRODUCT_NAME = "$(TARGET_NAME)";
				SWIFT_EMIT_LOC_STRINGS = NO;
				SWIFT_VERSION = 5.0;
				TARGETED_DEVICE_FAMILY = "1,2";
				TEST_HOST = "$(BUILT_PRODUCTS_DIR)/TestList.app/$(BUNDLE_EXECUTABLE_FOLDER_PATH)/TestList";
			};
			name = Debug;
		};
		B198A6C92D06E46C00364D3B /* Release */ = {
			isa = XCBuildConfiguration;
			buildSettings = {
				BUNDLE_LOADER = "$(TEST_HOST)";
				CODE_SIGN_STYLE = Automatic;
				CURRENT_PROJECT_VERSION = 1;
				DEVELOPMENT_TEAM = 4JK9SH8RG9;
				GENERATE_INFOPLIST_FILE = YES;
				IPHONEOS_DEPLOYMENT_TARGET = 18.1;
				MARKETING_VERSION = 1.0;
				PRODUCT_BUNDLE_IDENTIFIER = com.jay.TestListTests;
				PRODUCT_NAME = "$(TARGET_NAME)";
				SWIFT_EMIT_LOC_STRINGS = NO;
				SWIFT_VERSION = 5.0;
				TARGETED_DEVICE_FAMILY = "1,2";
				TEST_HOST = "$(BUILT_PRODUCTS_DIR)/TestList.app/$(BUNDLE_EXECUTABLE_FOLDER_PATH)/TestList";
			};
			name = Release;
		};
		B198A6CB2D06E46C00364D3B /* Debug */ = {
			isa = XCBuildConfiguration;
			buildSettings = {
				CODE_SIGN_STYLE = Automatic;
				CURRENT_PROJECT_VERSION = 1;
				DEVELOPMENT_TEAM = 4JK9SH8RG9;
				GENERATE_INFOPLIST_FILE = YES;
				MARKETING_VERSION = 1.0;
				PRODUCT_BUNDLE_IDENTIFIER = com.jay.TestListUITests;
				PRODUCT_NAME = "$(TARGET_NAME)";
				SWIFT_EMIT_LOC_STRINGS = NO;
				SWIFT_VERSION = 5.0;
				TARGETED_DEVICE_FAMILY = "1,2";
				TEST_TARGET_NAME = TestList;
			};
			name = Debug;
		};
		B198A6CC2D06E46C00364D3B /* Release */ = {
			isa = XCBuildConfiguration;
			buildSettings = {
				CODE_SIGN_STYLE = Automatic;
				CURRENT_PROJECT_VERSION = 1;
				DEVELOPMENT_TEAM = 4JK9SH8RG9;
				GENERATE_INFOPLIST_FILE = YES;
				MARKETING_VERSION = 1.0;
				PRODUCT_BUNDLE_IDENTIFIER = com.jay.TestListUITests;
				PRODUCT_NAME = "$(TARGET_NAME)";
				SWIFT_EMIT_LOC_STRINGS = NO;
				SWIFT_VERSION = 5.0;
				TARGETED_DEVICE_FAMILY = "1,2";
				TEST_TARGET_NAME = TestList;
			};
			name = Release;
		};
/* End XCBuildConfiguration section */

/* Begin XCConfigurationList section */
		B198A69B2D06E46A00364D3B /* Build configuration list for PBXProject "TestList" */ = {
			isa = XCConfigurationList;
			buildConfigurations = (
				B198A6C22D06E46C00364D3B /* Debug */,
				B198A6C32D06E46C00364D3B /* Release */,
			);
			defaultConfigurationIsVisible = 0;
			defaultConfigurationName = Release;
		};
		B198A6C42D06E46C00364D3B /* Build configuration list for PBXNativeTarget "TestList" */ = {
			isa = XCConfigurationList;
			buildConfigurations = (
				B198A6C52D06E46C00364D3B /* Debug */,
				B198A6C62D06E46C00364D3B /* Release */,
			);
			defaultConfigurationIsVisible = 0;
			defaultConfigurationName = Release;
		};
		B198A6C72D06E46C00364D3B /* Build configuration list for PBXNativeTarget "TestListTests" */ = {
			isa = XCConfigurationList;
			buildConfigurations = (
				B198A6C82D06E46C00364D3B /* Debug */,
				B198A6C92D06E46C00364D3B /* Release */,
			);
			defaultConfigurationIsVisible = 0;
			defaultConfigurationName = Release;
		};
		B198A6CA2D06E46C00364D3B /* Build configuration list for PBXNativeTarget "TestListUITests" */ = {
			isa = XCConfigurationList;
			buildConfigurations = (
				B198A6CB2D06E46C00364D3B /* Debug */,
				B198A6CC2D06E46C00364D3B /* Release */,
			);
			defaultConfigurationIsVisible = 0;
			defaultConfigurationName = Release;
		};
/* End XCConfigurationList section */
	};
	rootObject = B198A6982D06E46A00364D3B /* Project object */;
}
